
Microsoft Visual Studio Solution File, Format Version 12.00
# Visual Studio Version 16
VisualStudioVersion = 16.0.29230.47
MinimumVisualStudioVersion = 10.0.40219.1
Project("{2150E333-8FDC-42A3-9474-1A3956D46DE8}") = "001 - API", "001 - API", "{9796082F-D75E-4216-9A32-0ACE7F8A1FDA}"
EndProject
Project("{2150E333-8FDC-42A3-9474-1A3956D46DE8}") = "002 - Domain", "002 - Domain", "{057C172C-007A-4C8E-A116-35E75C23C3C7}"
EndProject
Project("{2150E333-8FDC-42A3-9474-1A3956D46DE8}") = "003 - Infra", "003 - Infra", "{1A80B533-6F64-45CB-B07F-7BC72F6E0BA0}"
EndProject
Project("{2150E333-8FDC-42A3-9474-1A3956D46DE8}") = "004 - Shared", "004 - Shared", "{938AB9EE-5C05-493A-869D-59A4D08B0D53}"
EndProject
Project("{FAE04EC0-301F-11D3-BF4B-00C04F79EFBC}") = "InLogTest.Shared", "src\InLogTest.Shared\InLogTest.Shared.csproj", "{03ADB1E5-5729-40CB-BE7B-1C6A580864BE}"
EndProject
Project("{FAE04EC0-301F-11D3-BF4B-00C04F79EFBC}") = "InLogTest.Domain", "src\InLogTest.Domain\InLogTest.Domain.csproj", "{74F2B246-679B-4979-9F18-D11D4C30B5DC}"
EndProject
Project("{2150E333-8FDC-42A3-9474-1A3956D46DE8}") = "999 - Tests", "999 - Tests", "{6BF8B775-00AE-45AE-B516-BA043E33DF45}"
EndProject
Project("{FAE04EC0-301F-11D3-BF4B-00C04F79EFBC}") = "InLogTest.UnitTest", "test\InLogTest.UnitTest\InLogTest.UnitTest.csproj", "{0DA215BE-802C-4A1C-A69C-6A1020FE9A25}"
EndProject
Project("{FAE04EC0-301F-11D3-BF4B-00C04F79EFBC}") = "InLogTest.Test.Builder", "test\InLogTest.Test.Builder\InLogTest.Test.Builder.csproj", "{7B133AD5-F8E6-455A-A617-5327C131A884}"
EndProject
Project("{2150E333-8FDC-42A3-9474-1A3956D46DE8}") = "003.1 - Repository", "003.1 - Repository", "{1B6EF876-6272-49E1-A257-D4E730C3CCDD}"
EndProject
Project("{FAE04EC0-301F-11D3-BF4B-00C04F79EFBC}") = "InLogTest.Repository", "src\InLogTest.Repository\InLogTest.Repository.csproj", "{3A1AE177-E953-4CE6-A47B-E2F44FE23FFA}"
EndProject
Project("{2150E333-8FDC-42A3-9474-1A3956D46DE8}") = "003.2 - CrossCutting", "003.2 - CrossCutting", "{C5F76DA2-811A-4339-992B-DABB8B5CC826}"
EndProject
Project("{FAE04EC0-301F-11D3-BF4B-00C04F79EFBC}") = "InLogTest.CrossCutting.IoC", "src\InLogTest.CrossCutting.IoC\InLogTest.CrossCutting.IoC.csproj", "{60AE92BB-5C53-421F-A860-29EB307999B3}"
EndProject
Project("{FAE04EC0-301F-11D3-BF4B-00C04F79EFBC}") = "InLogTest.API", "src\InLogTest.API\InLogTest.API.csproj", "{52F0706A-7D1D-48F8-AA44-CC0B93585D0E}"
EndProject
Global
	GlobalSection(SolutionConfigurationPlatforms) = preSolution
		Debug|Any CPU = Debug|Any CPU
		Release|Any CPU = Release|Any CPU
	EndGlobalSection
	GlobalSection(ProjectConfigurationPlatforms) = postSolution
		{03ADB1E5-5729-40CB-BE7B-1C6A580864BE}.Debug|Any CPU.ActiveCfg = Debug|Any CPU
		{03ADB1E5-5729-40CB-BE7B-1C6A580864BE}.Debug|Any CPU.Build.0 = Debug|Any CPU
		{03ADB1E5-5729-40CB-BE7B-1C6A580864BE}.Release|Any CPU.ActiveCfg = Release|Any CPU
		{03ADB1E5-5729-40CB-BE7B-1C6A580864BE}.Release|Any CPU.Build.0 = Release|Any CPU
		{74F2B246-679B-4979-9F18-D11D4C30B5DC}.Debug|Any CPU.ActiveCfg = Debug|Any CPU
		{74F2B246-679B-4979-9F18-D11D4C30B5DC}.Debug|Any CPU.Build.0 = Debug|Any CPU
		{74F2B246-679B-4979-9F18-D11D4C30B5DC}.Release|Any CPU.ActiveCfg = Release|Any CPU
		{74F2B246-679B-4979-9F18-D11D4C30B5DC}.Release|Any CPU.Build.0 = Release|Any CPU
		{0DA215BE-802C-4A1C-A69C-6A1020FE9A25}.Debug|Any CPU.ActiveCfg = Debug|Any CPU
		{0DA215BE-802C-4A1C-A69C-6A1020FE9A25}.Debug|Any CPU.Build.0 = Debug|Any CPU
		{0DA215BE-802C-4A1C-A69C-6A1020FE9A25}.Release|Any CPU.ActiveCfg = Release|Any CPU
		{0DA215BE-802C-4A1C-A69C-6A1020FE9A25}.Release|Any CPU.Build.0 = Release|Any CPU
		{7B133AD5-F8E6-455A-A617-5327C131A884}.Debug|Any CPU.ActiveCfg = Debug|Any CPU
		{7B133AD5-F8E6-455A-A617-5327C131A884}.Debug|Any CPU.Build.0 = Debug|Any CPU
		{7B133AD5-F8E6-455A-A617-5327C131A884}.Release|Any CPU.ActiveCfg = Release|Any CPU
		{7B133AD5-F8E6-455A-A617-5327C131A884}.Release|Any CPU.Build.0 = Release|Any CPU
		{3A1AE177-E953-4CE6-A47B-E2F44FE23FFA}.Debug|Any CPU.ActiveCfg = Debug|Any CPU
		{3A1AE177-E953-4CE6-A47B-E2F44FE23FFA}.Debug|Any CPU.Build.0 = Debug|Any CPU
		{3A1AE177-E953-4CE6-A47B-E2F44FE23FFA}.Release|Any CPU.ActiveCfg = Release|Any CPU
		{3A1AE177-E953-4CE6-A47B-E2F44FE23FFA}.Release|Any CPU.Build.0 = Release|Any CPU
		{60AE92BB-5C53-421F-A860-29EB307999B3}.Debug|Any CPU.ActiveCfg = Debug|Any CPU
		{60AE92BB-5C53-421F-A860-29EB307999B3}.Debug|Any CPU.Build.0 = Debug|Any CPU
		{60AE92BB-5C53-421F-A860-29EB307999B3}.Release|Any CPU.ActiveCfg = Release|Any CPU
		{60AE92BB-5C53-421F-A860-29EB307999B3}.Release|Any CPU.Build.0 = Release|Any CPU
		{52F0706A-7D1D-48F8-AA44-CC0B93585D0E}.Debug|Any CPU.ActiveCfg = Debug|Any CPU
		{52F0706A-7D1D-48F8-AA44-CC0B93585D0E}.Debug|Any CPU.Build.0 = Debug|Any CPU
		{52F0706A-7D1D-48F8-AA44-CC0B93585D0E}.Release|Any CPU.ActiveCfg = Release|Any CPU
		{52F0706A-7D1D-48F8-AA44-CC0B93585D0E}.Release|Any CPU.Build.0 = Release|Any CPU
	EndGlobalSection
	GlobalSection(SolutionProperties) = preSolution
		HideSolutionNode = FALSE
	EndGlobalSection
	GlobalSection(NestedProjects) = preSolution
		{03ADB1E5-5729-40CB-BE7B-1C6A580864BE} = {938AB9EE-5C05-493A-869D-59A4D08B0D53}
		{74F2B246-679B-4979-9F18-D11D4C30B5DC} = {057C172C-007A-4C8E-A116-35E75C23C3C7}
		{0DA215BE-802C-4A1C-A69C-6A1020FE9A25} = {6BF8B775-00AE-45AE-B516-BA043E33DF45}
		{7B133AD5-F8E6-455A-A617-5327C131A884} = {6BF8B775-00AE-45AE-B516-BA043E33DF45}
		{1B6EF876-6272-49E1-A257-D4E730C3CCDD} = {1A80B533-6F64-45CB-B07F-7BC72F6E0BA0}
		{3A1AE177-E953-4CE6-A47B-E2F44FE23FFA} = {1B6EF876-6272-49E1-A257-D4E730C3CCDD}
		{C5F76DA2-811A-4339-992B-DABB8B5CC826} = {1A80B533-6F64-45CB-B07F-7BC72F6E0BA0}
		{60AE92BB-5C53-421F-A860-29EB307999B3} = {C5F76DA2-811A-4339-992B-DABB8B5CC826}
		{52F0706A-7D1D-48F8-AA44-CC0B93585D0E} = {9796082F-D75E-4216-9A32-0ACE7F8A1FDA}
	EndGlobalSection
	GlobalSection(ExtensibilityGlobals) = postSolution
		SolutionGuid = {A4A30818-5756-446A-A624-18AA3332DE50}
	EndGlobalSection
EndGlobal
